
Microsoft Visual Studio Solution File, Format Version 12.00
# Visual Studio 15
VisualStudioVersion = 15.0.28307.1622
MinimumVisualStudioVersion = 10.0.40219.1
Project("{FAE04EC0-301F-11D3-BF4B-00C04F79EFBC}") = "BDD_ProyectoFinal", "BDD_ProyectoFinal\BDD_ProyectoFinal.csproj", "{003DFAB2-DF61-4CC9-BE0B-52FA61127FE6}"
EndProject
Global
	GlobalSection(SolutionConfigurationPlatforms) = preSolution
		Debug|Any CPU = Debug|Any CPU
		Release|Any CPU = Release|Any CPU
	EndGlobalSection
	GlobalSection(ProjectConfigurationPlatforms) = postSolution
		{003DFAB2-DF61-4CC9-BE0B-52FA61127FE6}.Debug|Any CPU.ActiveCfg = Debug|Any CPU
		{003DFAB2-DF61-4CC9-BE0B-52FA61127FE6}.Debug|Any CPU.Build.0 = Debug|Any CPU
		{003DFAB2-DF61-4CC9-BE0B-52FA61127FE6}.Release|Any CPU.ActiveCfg = Release|Any CPU
		{003DFAB2-DF61-4CC9-BE0B-52FA61127FE6}.Release|Any CPU.Build.0 = Release|Any CPU
	EndGlobalSection
	GlobalSection(SolutionProperties) = preSolution
		HideSolutionNode = FALSE
	EndGlobalSection
	GlobalSection(ExtensibilityGlobals) = postSolution
		SolutionGuid = {FF7DDD03-832E-40E7-A6DC-FFF4D9387C92}
	EndGlobalSection
EndGlobal
